
Microsoft Visual Studio Solution File, Format Version 12.00
# Visual Studio 15
VisualStudioVersion = 15.0.28010.2026
MinimumVisualStudioVersion = 10.0.40219.1
Project("{FAE04EC0-301F-11D3-BF4B-00C04F79EFBC}") = "ConsoleApp4", "C:\Users\sotoj\source\repos\ConsoleApp4\ConsoleApp4\ConsoleApp4.csproj", "{E7FDBD42-6D23-4C79-9323-2C0D59AED1C9}"
EndProject
Global
	GlobalSection(SolutionConfigurationPlatforms) = preSolution
		Debug|Any CPU = Debug|Any CPU
		Release|Any CPU = Release|Any CPU
	EndGlobalSection
	GlobalSection(ProjectConfigurationPlatforms) = postSolution
		{E7FDBD42-6D23-4C79-9323-2C0D59AED1C9}.Debug|Any CPU.ActiveCfg = Debug|Any CPU
		{E7FDBD42-6D23-4C79-9323-2C0D59AED1C9}.Debug|Any CPU.Build.0 = Debug|Any CPU
		{E7FDBD42-6D23-4C79-9323-2C0D59AED1C9}.Release|Any CPU.ActiveCfg = Release|Any CPU
		{E7FDBD42-6D23-4C79-9323-2C0D59AED1C9}.Release|Any CPU.Build.0 = Release|Any CPU
	EndGlobalSection
	GlobalSection(SolutionProperties) = preSolution
		HideSolutionNode = FALSE
	EndGlobalSection
	GlobalSection(ExtensibilityGlobals) = postSolution
		SolutionGuid = {938EF5E7-C8D7-4F37-8CA4-AC5F76D16695}
	EndGlobalSection
EndGlobal
